
Microsoft Visual Studio Solution File, Format Version 12.00
# Visual Studio Version 16
VisualStudioVersion = 16.0.30204.135
MinimumVisualStudioVersion = 15.0.26124.0
Project("{2150E333-8FDC-42A3-9474-1A3956D46DE8}") = "src", "src", "{231E34DE-02A0-4B67-998B-2AE9FF6D551B}"
EndProject
Project("{2150E333-8FDC-42A3-9474-1A3956D46DE8}") = "BuildingBlocks", "BuildingBlocks", "{A424340B-9F73-45FC-8ED4-526BB1D0DC30}"
EndProject
Project("{2150E333-8FDC-42A3-9474-1A3956D46DE8}") = "WebHost", "WebHost", "{C96E8572-BCD5-4AEE-90EE-EA1C878636B6}"
EndProject
Project("{9A19103F-16F7-4668-BE54-9A1E7A4F7556}") = "WebHost.Customization", "BuildingBlocks\WebHostCustomization\WebHost.Customization\WebHost.Customization.csproj", "{B652B327-8097-4B5A-8D0D-CC40572B5B72}"
EndProject
Project("{2150E333-8FDC-42A3-9474-1A3956D46DE8}") = "Client", "Client", "{D51314F9-4B5B-43FD-9E1E-E5E710CF2CB1}"
EndProject
Project("{2150E333-8FDC-42A3-9474-1A3956D46DE8}") = "Services", "Services", "{22EDC93D-17F6-4EFC-B41F-AABDFAB830FA}"
EndProject
Project("{2150E333-8FDC-42A3-9474-1A3956D46DE8}") = "Ordering", "Ordering", "{BF376129-2D17-4EFF-B1F4-7A43BC3D5173}"
EndProject
Project("{9A19103F-16F7-4668-BE54-9A1E7A4F7556}") = "Ordering.Domain", "Services\Ordering\Ordering.Domain\Ordering.Domain.csproj", "{A9D29FAC-95DB-4AA4-8C39-E34A4BF47640}"
EndProject
Project("{9A19103F-16F7-4668-BE54-9A1E7A4F7556}") = "Ordering.Infrastructure", "Services\Ordering\Ordering.Infrastructure\Ordering.Infrastructure.csproj", "{C1A4C68B-4C5B-4ED6-BBD1-DD230AB1D767}"
EndProject
Project("{9A19103F-16F7-4668-BE54-9A1E7A4F7556}") = "Ordering.API", "Services\Ordering\Ordering.API\Ordering.API.csproj", "{2C3DD4AD-1164-41A4-A7EC-8024533B9854}"
EndProject
Project("{E53339B2-1760-4266-BCC7-CA923CBCF16C}") = "docker-compose", "docker-compose.dcproj", "{90064746-582A-4179-8639-99A41877C262}"
EndProject
Project("{2150E333-8FDC-42A3-9474-1A3956D46DE8}") = "EventBus", "EventBus", "{366A1ECE-45F7-4D00-8657-B17152DDAE76}"
EndProject
Project("{9A19103F-16F7-4668-BE54-9A1E7A4F7556}") = "EventBusRabbitMQ", "BuildingBlocks\EventBus\EventBusRabbitMQ\EventBusRabbitMQ.csproj", "{39324515-A233-4BE4-9FCB-79703173D09E}"
EndProject
Project("{9A19103F-16F7-4668-BE54-9A1E7A4F7556}") = "EventBus", "BuildingBlocks\EventBus\EventBus\EventBus.csproj", "{EB60C63B-4495-4851-9175-72C83DD3FB47}"
EndProject
Project("{9A19103F-16F7-4668-BE54-9A1E7A4F7556}") = "EFIntegrationEventLog", "BuildingBlocks\EventBus\EFIntegrationEventLog\EFIntegrationEventLog.csproj", "{4B6BFD05-25DE-4B83-864C-F4DE6A666E33}"
EndProject
Project("{2150E333-8FDC-42A3-9474-1A3956D46DE8}") = "File", "File", "{6CBF3FB3-DCA0-4FC0-810A-E96268AA6FEF}"
EndProject
Project("{9A19103F-16F7-4668-BE54-9A1E7A4F7556}") = "File.API", "Services\File\File.API\File.API.csproj", "{9F99A0A4-80EE-4CBE-98FB-315AFC246BEB}"
EndProject
Project("{9A19103F-16F7-4668-BE54-9A1E7A4F7556}") = "File.UnitTests", "Services\File\File.UnitTests\File.UnitTests.csproj", "{3A7B27B0-CC5F-4D33-B36E-0C54A4902C89}"
EndProject
Project("{2150E333-8FDC-42A3-9474-1A3956D46DE8}") = "tests", "tests", "{08112C6F-4750-4A54-B238-D759B75ABA72}"
EndProject
Project("{9A19103F-16F7-4668-BE54-9A1E7A4F7556}") = "File.FunctionalTests", "Services\File\File.FunctionalTests\File.FunctionalTests.csproj", "{A4791F06-9FCA-4BFD-9652-9D4D481E5466}"
EndProject
Project("{2150E333-8FDC-42A3-9474-1A3956D46DE8}") = "tests", "tests", "{2B0E5316-0374-43BE-9E48-C2FB14A6B41D}"
EndProject
Project("{9A19103F-16F7-4668-BE54-9A1E7A4F7556}") = "Ordering.UnitTests", "Services\Ordering\Ordering.UnitTests\Ordering.UnitTests.csproj", "{41763D76-D9E8-4E2C-B6B7-98BC54949936}"
EndProject
Project("{FAE04EC0-301F-11D3-BF4B-00C04F79EFBC}") = "Ordering.FunctionalTests", "Services\Ordering\Ordering.FunctionalTests\Ordering.FunctionalTests.csproj", "{237B970D-E91D-4D73-A27A-BB6F29FBFF75}"
EndProject
Global
	GlobalSection(SolutionConfigurationPlatforms) = preSolution
		Debug|Any CPU = Debug|Any CPU
		Debug|x64 = Debug|x64
		Debug|x86 = Debug|x86
		Release|Any CPU = Release|Any CPU
		Release|x64 = Release|x64
		Release|x86 = Release|x86
	EndGlobalSection
	GlobalSection(ProjectConfigurationPlatforms) = postSolution
		{B652B327-8097-4B5A-8D0D-CC40572B5B72}.Debug|Any CPU.ActiveCfg = Debug|Any CPU
		{B652B327-8097-4B5A-8D0D-CC40572B5B72}.Debug|Any CPU.Build.0 = Debug|Any CPU
		{B652B327-8097-4B5A-8D0D-CC40572B5B72}.Debug|x64.ActiveCfg = Debug|Any CPU
		{B652B327-8097-4B5A-8D0D-CC40572B5B72}.Debug|x64.Build.0 = Debug|Any CPU
		{B652B327-8097-4B5A-8D0D-CC40572B5B72}.Debug|x86.ActiveCfg = Debug|Any CPU
		{B652B327-8097-4B5A-8D0D-CC40572B5B72}.Debug|x86.Build.0 = Debug|Any CPU
		{B652B327-8097-4B5A-8D0D-CC40572B5B72}.Release|Any CPU.ActiveCfg = Release|Any CPU
		{B652B327-8097-4B5A-8D0D-CC40572B5B72}.Release|Any CPU.Build.0 = Release|Any CPU
		{B652B327-8097-4B5A-8D0D-CC40572B5B72}.Release|x64.ActiveCfg = Release|Any CPU
		{B652B327-8097-4B5A-8D0D-CC40572B5B72}.Release|x64.Build.0 = Release|Any CPU
		{B652B327-8097-4B5A-8D0D-CC40572B5B72}.Release|x86.ActiveCfg = Release|Any CPU
		{B652B327-8097-4B5A-8D0D-CC40572B5B72}.Release|x86.Build.0 = Release|Any CPU
		{A9D29FAC-95DB-4AA4-8C39-E34A4BF47640}.Debug|Any CPU.ActiveCfg = Debug|Any CPU
		{A9D29FAC-95DB-4AA4-8C39-E34A4BF47640}.Debug|Any CPU.Build.0 = Debug|Any CPU
		{A9D29FAC-95DB-4AA4-8C39-E34A4BF47640}.Debug|x64.ActiveCfg = Debug|Any CPU
		{A9D29FAC-95DB-4AA4-8C39-E34A4BF47640}.Debug|x64.Build.0 = Debug|Any CPU
		{A9D29FAC-95DB-4AA4-8C39-E34A4BF47640}.Debug|x86.ActiveCfg = Debug|Any CPU
		{A9D29FAC-95DB-4AA4-8C39-E34A4BF47640}.Debug|x86.Build.0 = Debug|Any CPU
		{A9D29FAC-95DB-4AA4-8C39-E34A4BF47640}.Release|Any CPU.ActiveCfg = Release|Any CPU
		{A9D29FAC-95DB-4AA4-8C39-E34A4BF47640}.Release|Any CPU.Build.0 = Release|Any CPU
		{A9D29FAC-95DB-4AA4-8C39-E34A4BF47640}.Release|x64.ActiveCfg = Release|Any CPU
		{A9D29FAC-95DB-4AA4-8C39-E34A4BF47640}.Release|x64.Build.0 = Release|Any CPU
		{A9D29FAC-95DB-4AA4-8C39-E34A4BF47640}.Release|x86.ActiveCfg = Release|Any CPU
		{A9D29FAC-95DB-4AA4-8C39-E34A4BF47640}.Release|x86.Build.0 = Release|Any CPU
		{C1A4C68B-4C5B-4ED6-BBD1-DD230AB1D767}.Debug|Any CPU.ActiveCfg = Debug|Any CPU
		{C1A4C68B-4C5B-4ED6-BBD1-DD230AB1D767}.Debug|Any CPU.Build.0 = Debug|Any CPU
		{C1A4C68B-4C5B-4ED6-BBD1-DD230AB1D767}.Debug|x64.ActiveCfg = Debug|Any CPU
		{C1A4C68B-4C5B-4ED6-BBD1-DD230AB1D767}.Debug|x64.Build.0 = Debug|Any CPU
		{C1A4C68B-4C5B-4ED6-BBD1-DD230AB1D767}.Debug|x86.ActiveCfg = Debug|Any CPU
		{C1A4C68B-4C5B-4ED6-BBD1-DD230AB1D767}.Debug|x86.Build.0 = Debug|Any CPU
		{C1A4C68B-4C5B-4ED6-BBD1-DD230AB1D767}.Release|Any CPU.ActiveCfg = Release|Any CPU
		{C1A4C68B-4C5B-4ED6-BBD1-DD230AB1D767}.Release|Any CPU.Build.0 = Release|Any CPU
		{C1A4C68B-4C5B-4ED6-BBD1-DD230AB1D767}.Release|x64.ActiveCfg = Release|Any CPU
		{C1A4C68B-4C5B-4ED6-BBD1-DD230AB1D767}.Release|x64.Build.0 = Release|Any CPU
		{C1A4C68B-4C5B-4ED6-BBD1-DD230AB1D767}.Release|x86.ActiveCfg = Release|Any CPU
		{C1A4C68B-4C5B-4ED6-BBD1-DD230AB1D767}.Release|x86.Build.0 = Release|Any CPU
		{2C3DD4AD-1164-41A4-A7EC-8024533B9854}.Debug|Any CPU.ActiveCfg = Debug|Any CPU
		{2C3DD4AD-1164-41A4-A7EC-8024533B9854}.Debug|Any CPU.Build.0 = Debug|Any CPU
		{2C3DD4AD-1164-41A4-A7EC-8024533B9854}.Debug|x64.ActiveCfg = Debug|Any CPU
		{2C3DD4AD-1164-41A4-A7EC-8024533B9854}.Debug|x64.Build.0 = Debug|Any CPU
		{2C3DD4AD-1164-41A4-A7EC-8024533B9854}.Debug|x86.ActiveCfg = Debug|Any CPU
		{2C3DD4AD-1164-41A4-A7EC-8024533B9854}.Debug|x86.Build.0 = Debug|Any CPU
		{2C3DD4AD-1164-41A4-A7EC-8024533B9854}.Release|Any CPU.ActiveCfg = Release|Any CPU
		{2C3DD4AD-1164-41A4-A7EC-8024533B9854}.Release|Any CPU.Build.0 = Release|Any CPU
		{2C3DD4AD-1164-41A4-A7EC-8024533B9854}.Release|x64.ActiveCfg = Release|Any CPU
		{2C3DD4AD-1164-41A4-A7EC-8024533B9854}.Release|x64.Build.0 = Release|Any CPU
		{2C3DD4AD-1164-41A4-A7EC-8024533B9854}.Release|x86.ActiveCfg = Release|Any CPU
		{2C3DD4AD-1164-41A4-A7EC-8024533B9854}.Release|x86.Build.0 = Release|Any CPU
		{90064746-582A-4179-8639-99A41877C262}.Debug|Any CPU.ActiveCfg = Debug|Any CPU
		{90064746-582A-4179-8639-99A41877C262}.Debug|Any CPU.Build.0 = Debug|Any CPU
		{90064746-582A-4179-8639-99A41877C262}.Debug|x64.ActiveCfg = Debug|Any CPU
		{90064746-582A-4179-8639-99A41877C262}.Debug|x64.Build.0 = Debug|Any CPU
		{90064746-582A-4179-8639-99A41877C262}.Debug|x86.ActiveCfg = Debug|Any CPU
		{90064746-582A-4179-8639-99A41877C262}.Debug|x86.Build.0 = Debug|Any CPU
		{90064746-582A-4179-8639-99A41877C262}.Release|Any CPU.ActiveCfg = Release|Any CPU
		{90064746-582A-4179-8639-99A41877C262}.Release|Any CPU.Build.0 = Release|Any CPU
		{90064746-582A-4179-8639-99A41877C262}.Release|x64.ActiveCfg = Release|Any CPU
		{90064746-582A-4179-8639-99A41877C262}.Release|x64.Build.0 = Release|Any CPU
		{90064746-582A-4179-8639-99A41877C262}.Release|x86.ActiveCfg = Release|Any CPU
		{90064746-582A-4179-8639-99A41877C262}.Release|x86.Build.0 = Release|Any CPU
		{39324515-A233-4BE4-9FCB-79703173D09E}.Debug|Any CPU.ActiveCfg = Debug|Any CPU
		{39324515-A233-4BE4-9FCB-79703173D09E}.Debug|Any CPU.Build.0 = Debug|Any CPU
		{39324515-A233-4BE4-9FCB-79703173D09E}.Debug|x64.ActiveCfg = Debug|Any CPU
		{39324515-A233-4BE4-9FCB-79703173D09E}.Debug|x64.Build.0 = Debug|Any CPU
		{39324515-A233-4BE4-9FCB-79703173D09E}.Debug|x86.ActiveCfg = Debug|Any CPU
		{39324515-A233-4BE4-9FCB-79703173D09E}.Debug|x86.Build.0 = Debug|Any CPU
		{39324515-A233-4BE4-9FCB-79703173D09E}.Release|Any CPU.ActiveCfg = Release|Any CPU
		{39324515-A233-4BE4-9FCB-79703173D09E}.Release|Any CPU.Build.0 = Release|Any CPU
		{39324515-A233-4BE4-9FCB-79703173D09E}.Release|x64.ActiveCfg = Release|Any CPU
		{39324515-A233-4BE4-9FCB-79703173D09E}.Release|x64.Build.0 = Release|Any CPU
		{39324515-A233-4BE4-9FCB-79703173D09E}.Release|x86.ActiveCfg = Release|Any CPU
		{39324515-A233-4BE4-9FCB-79703173D09E}.Release|x86.Build.0 = Release|Any CPU
		{EB60C63B-4495-4851-9175-72C83DD3FB47}.Debug|Any CPU.ActiveCfg = Debug|Any CPU
		{EB60C63B-4495-4851-9175-72C83DD3FB47}.Debug|Any CPU.Build.0 = Debug|Any CPU
		{EB60C63B-4495-4851-9175-72C83DD3FB47}.Debug|x64.ActiveCfg = Debug|Any CPU
		{EB60C63B-4495-4851-9175-72C83DD3FB47}.Debug|x64.Build.0 = Debug|Any CPU
		{EB60C63B-4495-4851-9175-72C83DD3FB47}.Debug|x86.ActiveCfg = Debug|Any CPU
		{EB60C63B-4495-4851-9175-72C83DD3FB47}.Debug|x86.Build.0 = Debug|Any CPU
		{EB60C63B-4495-4851-9175-72C83DD3FB47}.Release|Any CPU.ActiveCfg = Release|Any CPU
		{EB60C63B-4495-4851-9175-72C83DD3FB47}.Release|Any CPU.Build.0 = Release|Any CPU
		{EB60C63B-4495-4851-9175-72C83DD3FB47}.Release|x64.ActiveCfg = Release|Any CPU
		{EB60C63B-4495-4851-9175-72C83DD3FB47}.Release|x64.Build.0 = Release|Any CPU
		{EB60C63B-4495-4851-9175-72C83DD3FB47}.Release|x86.ActiveCfg = Release|Any CPU
		{EB60C63B-4495-4851-9175-72C83DD3FB47}.Release|x86.Build.0 = Release|Any CPU
		{4B6BFD05-25DE-4B83-864C-F4DE6A666E33}.Debug|Any CPU.ActiveCfg = Debug|Any CPU
		{4B6BFD05-25DE-4B83-864C-F4DE6A666E33}.Debug|Any CPU.Build.0 = Debug|Any CPU
		{4B6BFD05-25DE-4B83-864C-F4DE6A666E33}.Debug|x64.ActiveCfg = Debug|Any CPU
		{4B6BFD05-25DE-4B83-864C-F4DE6A666E33}.Debug|x64.Build.0 = Debug|Any CPU
		{4B6BFD05-25DE-4B83-864C-F4DE6A666E33}.Debug|x86.ActiveCfg = Debug|Any CPU
		{4B6BFD05-25DE-4B83-864C-F4DE6A666E33}.Debug|x86.Build.0 = Debug|Any CPU
		{4B6BFD05-25DE-4B83-864C-F4DE6A666E33}.Release|Any CPU.ActiveCfg = Release|Any CPU
		{4B6BFD05-25DE-4B83-864C-F4DE6A666E33}.Release|Any CPU.Build.0 = Release|Any CPU
		{4B6BFD05-25DE-4B83-864C-F4DE6A666E33}.Release|x64.ActiveCfg = Release|Any CPU
		{4B6BFD05-25DE-4B83-864C-F4DE6A666E33}.Release|x64.Build.0 = Release|Any CPU
		{4B6BFD05-25DE-4B83-864C-F4DE6A666E33}.Release|x86.ActiveCfg = Release|Any CPU
		{4B6BFD05-25DE-4B83-864C-F4DE6A666E33}.Release|x86.Build.0 = Release|Any CPU
		{9F99A0A4-80EE-4CBE-98FB-315AFC246BEB}.Debug|Any CPU.ActiveCfg = Debug|Any CPU
		{9F99A0A4-80EE-4CBE-98FB-315AFC246BEB}.Debug|Any CPU.Build.0 = Debug|Any CPU
		{9F99A0A4-80EE-4CBE-98FB-315AFC246BEB}.Debug|x64.ActiveCfg = Debug|Any CPU
		{9F99A0A4-80EE-4CBE-98FB-315AFC246BEB}.Debug|x64.Build.0 = Debug|Any CPU
		{9F99A0A4-80EE-4CBE-98FB-315AFC246BEB}.Debug|x86.ActiveCfg = Debug|Any CPU
		{9F99A0A4-80EE-4CBE-98FB-315AFC246BEB}.Debug|x86.Build.0 = Debug|Any CPU
		{9F99A0A4-80EE-4CBE-98FB-315AFC246BEB}.Release|Any CPU.ActiveCfg = Release|Any CPU
		{9F99A0A4-80EE-4CBE-98FB-315AFC246BEB}.Release|Any CPU.Build.0 = Release|Any CPU
		{9F99A0A4-80EE-4CBE-98FB-315AFC246BEB}.Release|x64.ActiveCfg = Release|Any CPU
		{9F99A0A4-80EE-4CBE-98FB-315AFC246BEB}.Release|x64.Build.0 = Release|Any CPU
		{9F99A0A4-80EE-4CBE-98FB-315AFC246BEB}.Release|x86.ActiveCfg = Release|Any CPU
		{9F99A0A4-80EE-4CBE-98FB-315AFC246BEB}.Release|x86.Build.0 = Release|Any CPU
		{3A7B27B0-CC5F-4D33-B36E-0C54A4902C89}.Debug|Any CPU.ActiveCfg = Debug|Any CPU
		{3A7B27B0-CC5F-4D33-B36E-0C54A4902C89}.Debug|Any CPU.Build.0 = Debug|Any CPU
		{3A7B27B0-CC5F-4D33-B36E-0C54A4902C89}.Debug|x64.ActiveCfg = Debug|Any CPU
		{3A7B27B0-CC5F-4D33-B36E-0C54A4902C89}.Debug|x64.Build.0 = Debug|Any CPU
		{3A7B27B0-CC5F-4D33-B36E-0C54A4902C89}.Debug|x86.ActiveCfg = Debug|Any CPU
		{3A7B27B0-CC5F-4D33-B36E-0C54A4902C89}.Debug|x86.Build.0 = Debug|Any CPU
		{3A7B27B0-CC5F-4D33-B36E-0C54A4902C89}.Release|Any CPU.ActiveCfg = Release|Any CPU
		{3A7B27B0-CC5F-4D33-B36E-0C54A4902C89}.Release|Any CPU.Build.0 = Release|Any CPU
		{3A7B27B0-CC5F-4D33-B36E-0C54A4902C89}.Release|x64.ActiveCfg = Release|Any CPU
		{3A7B27B0-CC5F-4D33-B36E-0C54A4902C89}.Release|x64.Build.0 = Release|Any CPU
		{3A7B27B0-CC5F-4D33-B36E-0C54A4902C89}.Release|x86.ActiveCfg = Release|Any CPU
		{3A7B27B0-CC5F-4D33-B36E-0C54A4902C89}.Release|x86.Build.0 = Release|Any CPU
		{A4791F06-9FCA-4BFD-9652-9D4D481E5466}.Debug|Any CPU.ActiveCfg = Debug|Any CPU
		{A4791F06-9FCA-4BFD-9652-9D4D481E5466}.Debug|Any CPU.Build.0 = Debug|Any CPU
		{A4791F06-9FCA-4BFD-9652-9D4D481E5466}.Debug|x64.ActiveCfg = Debug|Any CPU
		{A4791F06-9FCA-4BFD-9652-9D4D481E5466}.Debug|x64.Build.0 = Debug|Any CPU
		{A4791F06-9FCA-4BFD-9652-9D4D481E5466}.Debug|x86.ActiveCfg = Debug|Any CPU
		{A4791F06-9FCA-4BFD-9652-9D4D481E5466}.Debug|x86.Build.0 = Debug|Any CPU
		{A4791F06-9FCA-4BFD-9652-9D4D481E5466}.Release|Any CPU.ActiveCfg = Release|Any CPU
		{A4791F06-9FCA-4BFD-9652-9D4D481E5466}.Release|Any CPU.Build.0 = Release|Any CPU
		{A4791F06-9FCA-4BFD-9652-9D4D481E5466}.Release|x64.ActiveCfg = Release|Any CPU
		{A4791F06-9FCA-4BFD-9652-9D4D481E5466}.Release|x64.Build.0 = Release|Any CPU
		{A4791F06-9FCA-4BFD-9652-9D4D481E5466}.Release|x86.ActiveCfg = Release|Any CPU
		{A4791F06-9FCA-4BFD-9652-9D4D481E5466}.Release|x86.Build.0 = Release|Any CPU
		{41763D76-D9E8-4E2C-B6B7-98BC54949936}.Debug|Any CPU.ActiveCfg = Debug|Any CPU
		{41763D76-D9E8-4E2C-B6B7-98BC54949936}.Debug|Any CPU.Build.0 = Debug|Any CPU
		{41763D76-D9E8-4E2C-B6B7-98BC54949936}.Debug|x64.ActiveCfg = Debug|Any CPU
		{41763D76-D9E8-4E2C-B6B7-98BC54949936}.Debug|x64.Build.0 = Debug|Any CPU
		{41763D76-D9E8-4E2C-B6B7-98BC54949936}.Debug|x86.ActiveCfg = Debug|Any CPU
		{41763D76-D9E8-4E2C-B6B7-98BC54949936}.Debug|x86.Build.0 = Debug|Any CPU
		{41763D76-D9E8-4E2C-B6B7-98BC54949936}.Release|Any CPU.ActiveCfg = Release|Any CPU
		{41763D76-D9E8-4E2C-B6B7-98BC54949936}.Release|Any CPU.Build.0 = Release|Any CPU
		{41763D76-D9E8-4E2C-B6B7-98BC54949936}.Release|x64.ActiveCfg = Release|Any CPU
		{41763D76-D9E8-4E2C-B6B7-98BC54949936}.Release|x64.Build.0 = Release|Any CPU
		{41763D76-D9E8-4E2C-B6B7-98BC54949936}.Release|x86.ActiveCfg = Release|Any CPU
		{41763D76-D9E8-4E2C-B6B7-98BC54949936}.Release|x86.Build.0 = Release|Any CPU
		{237B970D-E91D-4D73-A27A-BB6F29FBFF75}.Debug|Any CPU.ActiveCfg = Debug|Any CPU
		{237B970D-E91D-4D73-A27A-BB6F29FBFF75}.Debug|Any CPU.Build.0 = Debug|Any CPU
		{237B970D-E91D-4D73-A27A-BB6F29FBFF75}.Debug|x64.ActiveCfg = Debug|Any CPU
		{237B970D-E91D-4D73-A27A-BB6F29FBFF75}.Debug|x64.Build.0 = Debug|Any CPU
		{237B970D-E91D-4D73-A27A-BB6F29FBFF75}.Debug|x86.ActiveCfg = Debug|Any CPU
		{237B970D-E91D-4D73-A27A-BB6F29FBFF75}.Debug|x86.Build.0 = Debug|Any CPU
		{237B970D-E91D-4D73-A27A-BB6F29FBFF75}.Release|Any CPU.ActiveCfg = Release|Any CPU
		{237B970D-E91D-4D73-A27A-BB6F29FBFF75}.Release|Any CPU.Build.0 = Release|Any CPU
		{237B970D-E91D-4D73-A27A-BB6F29FBFF75}.Release|x64.ActiveCfg = Release|Any CPU
		{237B970D-E91D-4D73-A27A-BB6F29FBFF75}.Release|x64.Build.0 = Release|Any CPU
		{237B970D-E91D-4D73-A27A-BB6F29FBFF75}.Release|x86.ActiveCfg = Release|Any CPU
		{237B970D-E91D-4D73-A27A-BB6F29FBFF75}.Release|x86.Build.0 = Release|Any CPU
	EndGlobalSection
	GlobalSection(SolutionProperties) = preSolution
		HideSolutionNode = FALSE
	EndGlobalSection
	GlobalSection(NestedProjects) = preSolution
		{A424340B-9F73-45FC-8ED4-526BB1D0DC30} = {231E34DE-02A0-4B67-998B-2AE9FF6D551B}
		{C96E8572-BCD5-4AEE-90EE-EA1C878636B6} = {A424340B-9F73-45FC-8ED4-526BB1D0DC30}
		{B652B327-8097-4B5A-8D0D-CC40572B5B72} = {C96E8572-BCD5-4AEE-90EE-EA1C878636B6}
		{D51314F9-4B5B-43FD-9E1E-E5E710CF2CB1} = {231E34DE-02A0-4B67-998B-2AE9FF6D551B}
		{22EDC93D-17F6-4EFC-B41F-AABDFAB830FA} = {231E34DE-02A0-4B67-998B-2AE9FF6D551B}
		{BF376129-2D17-4EFF-B1F4-7A43BC3D5173} = {22EDC93D-17F6-4EFC-B41F-AABDFAB830FA}
		{A9D29FAC-95DB-4AA4-8C39-E34A4BF47640} = {BF376129-2D17-4EFF-B1F4-7A43BC3D5173}
		{C1A4C68B-4C5B-4ED6-BBD1-DD230AB1D767} = {BF376129-2D17-4EFF-B1F4-7A43BC3D5173}
		{2C3DD4AD-1164-41A4-A7EC-8024533B9854} = {BF376129-2D17-4EFF-B1F4-7A43BC3D5173}
		{366A1ECE-45F7-4D00-8657-B17152DDAE76} = {A424340B-9F73-45FC-8ED4-526BB1D0DC30}
		{39324515-A233-4BE4-9FCB-79703173D09E} = {366A1ECE-45F7-4D00-8657-B17152DDAE76}
		{EB60C63B-4495-4851-9175-72C83DD3FB47} = {366A1ECE-45F7-4D00-8657-B17152DDAE76}
		{4B6BFD05-25DE-4B83-864C-F4DE6A666E33} = {366A1ECE-45F7-4D00-8657-B17152DDAE76}
		{6CBF3FB3-DCA0-4FC0-810A-E96268AA6FEF} = {22EDC93D-17F6-4EFC-B41F-AABDFAB830FA}
		{9F99A0A4-80EE-4CBE-98FB-315AFC246BEB} = {6CBF3FB3-DCA0-4FC0-810A-E96268AA6FEF}
		{3A7B27B0-CC5F-4D33-B36E-0C54A4902C89} = {08112C6F-4750-4A54-B238-D759B75ABA72}
		{08112C6F-4750-4A54-B238-D759B75ABA72} = {6CBF3FB3-DCA0-4FC0-810A-E96268AA6FEF}
		{A4791F06-9FCA-4BFD-9652-9D4D481E5466} = {08112C6F-4750-4A54-B238-D759B75ABA72}
		{2B0E5316-0374-43BE-9E48-C2FB14A6B41D} = {BF376129-2D17-4EFF-B1F4-7A43BC3D5173}
		{41763D76-D9E8-4E2C-B6B7-98BC54949936} = {2B0E5316-0374-43BE-9E48-C2FB14A6B41D}
		{237B970D-E91D-4D73-A27A-BB6F29FBFF75} = {2B0E5316-0374-43BE-9E48-C2FB14A6B41D}
	EndGlobalSection
	GlobalSection(ExtensibilityGlobals) = postSolution
		SolutionGuid = {C1D3963D-1FC5-499D-8CD7-FC8A2F029460}
	EndGlobalSection
EndGlobal
